
Microsoft Visual Studio Solution File, Format Version 12.00
# Visual Studio Version 16
VisualStudioVersion = 16.0.30503.244
MinimumVisualStudioVersion = 10.0.40219.1
Project("{FAE04EC0-301F-11D3-BF4B-00C04F79EFBC}") = "IOSXAF.iOS", "IOSXAF\IOSXAF.iOS\IOSXAF.iOS.csproj", "{19B1CEA1-9B63-46B7-AD0A-5D03D84CBBE2}"
EndProject
Project("{FAE04EC0-301F-11D3-BF4B-00C04F79EFBC}") = "IOSXAF", "IOSXAF\IOSXAF\IOSXAF.csproj", "{E538D25F-2D70-4909-86B5-EA4E6FF9A77C}"
EndProject
Global
	GlobalSection(SolutionConfigurationPlatforms) = preSolution
		Debug|Any CPU = Debug|Any CPU
		Debug|iPhone = Debug|iPhone
		Debug|iPhoneSimulator = Debug|iPhoneSimulator
		Release|Any CPU = Release|Any CPU
		Release|iPhone = Release|iPhone
		Release|iPhoneSimulator = Release|iPhoneSimulator
	EndGlobalSection
	GlobalSection(ProjectConfigurationPlatforms) = postSolution
		{19B1CEA1-9B63-46B7-AD0A-5D03D84CBBE2}.Debug|Any CPU.ActiveCfg = Debug|iPhoneSimulator
		{19B1CEA1-9B63-46B7-AD0A-5D03D84CBBE2}.Debug|Any CPU.Build.0 = Debug|iPhoneSimulator
		{19B1CEA1-9B63-46B7-AD0A-5D03D84CBBE2}.Debug|Any CPU.Deploy.0 = Debug|iPhoneSimulator
		{19B1CEA1-9B63-46B7-AD0A-5D03D84CBBE2}.Debug|iPhone.ActiveCfg = Debug|iPhone
		{19B1CEA1-9B63-46B7-AD0A-5D03D84CBBE2}.Debug|iPhone.Build.0 = Debug|iPhone
		{19B1CEA1-9B63-46B7-AD0A-5D03D84CBBE2}.Debug|iPhone.Deploy.0 = Debug|iPhone
		{19B1CEA1-9B63-46B7-AD0A-5D03D84CBBE2}.Debug|iPhoneSimulator.ActiveCfg = Debug|iPhoneSimulator
		{19B1CEA1-9B63-46B7-AD0A-5D03D84CBBE2}.Debug|iPhoneSimulator.Build.0 = Debug|iPhoneSimulator
		{19B1CEA1-9B63-46B7-AD0A-5D03D84CBBE2}.Debug|iPhoneSimulator.Deploy.0 = Debug|iPhoneSimulator
		{19B1CEA1-9B63-46B7-AD0A-5D03D84CBBE2}.Release|Any CPU.ActiveCfg = Release|iPhoneSimulator
		{19B1CEA1-9B63-46B7-AD0A-5D03D84CBBE2}.Release|Any CPU.Build.0 = Release|iPhoneSimulator
		{19B1CEA1-9B63-46B7-AD0A-5D03D84CBBE2}.Release|Any CPU.Deploy.0 = Release|iPhoneSimulator
		{19B1CEA1-9B63-46B7-AD0A-5D03D84CBBE2}.Release|iPhone.ActiveCfg = Release|iPhone
		{19B1CEA1-9B63-46B7-AD0A-5D03D84CBBE2}.Release|iPhone.Build.0 = Release|iPhone
		{19B1CEA1-9B63-46B7-AD0A-5D03D84CBBE2}.Release|iPhone.Deploy.0 = Release|iPhone
		{19B1CEA1-9B63-46B7-AD0A-5D03D84CBBE2}.Release|iPhoneSimulator.ActiveCfg = Release|iPhoneSimulator
		{19B1CEA1-9B63-46B7-AD0A-5D03D84CBBE2}.Release|iPhoneSimulator.Build.0 = Release|iPhoneSimulator
		{19B1CEA1-9B63-46B7-AD0A-5D03D84CBBE2}.Release|iPhoneSimulator.Deploy.0 = Release|iPhoneSimulator
		{E538D25F-2D70-4909-86B5-EA4E6FF9A77C}.Debug|Any CPU.ActiveCfg = Debug|Any CPU
		{E538D25F-2D70-4909-86B5-EA4E6FF9A77C}.Debug|Any CPU.Build.0 = Debug|Any CPU
		{E538D25F-2D70-4909-86B5-EA4E6FF9A77C}.Debug|Any CPU.Deploy.0 = Debug|Any CPU
		{E538D25F-2D70-4909-86B5-EA4E6FF9A77C}.Debug|iPhone.ActiveCfg = Debug|Any CPU
		{E538D25F-2D70-4909-86B5-EA4E6FF9A77C}.Debug|iPhone.Build.0 = Debug|Any CPU
		{E538D25F-2D70-4909-86B5-EA4E6FF9A77C}.Debug|iPhone.Deploy.0 = Debug|Any CPU
		{E538D25F-2D70-4909-86B5-EA4E6FF9A77C}.Debug|iPhoneSimulator.ActiveCfg = Debug|Any CPU
		{E538D25F-2D70-4909-86B5-EA4E6FF9A77C}.Debug|iPhoneSimulator.Build.0 = Debug|Any CPU
		{E538D25F-2D70-4909-86B5-EA4E6FF9A77C}.Debug|iPhoneSimulator.Deploy.0 = Debug|Any CPU
		{E538D25F-2D70-4909-86B5-EA4E6FF9A77C}.Release|Any CPU.ActiveCfg = Release|Any CPU
		{E538D25F-2D70-4909-86B5-EA4E6FF9A77C}.Release|Any CPU.Build.0 = Release|Any CPU
		{E538D25F-2D70-4909-86B5-EA4E6FF9A77C}.Release|Any CPU.Deploy.0 = Release|Any CPU
		{E538D25F-2D70-4909-86B5-EA4E6FF9A77C}.Release|iPhone.ActiveCfg = Release|Any CPU
		{E538D25F-2D70-4909-86B5-EA4E6FF9A77C}.Release|iPhone.Build.0 = Release|Any CPU
		{E538D25F-2D70-4909-86B5-EA4E6FF9A77C}.Release|iPhone.Deploy.0 = Release|Any CPU
		{E538D25F-2D70-4909-86B5-EA4E6FF9A77C}.Release|iPhoneSimulator.ActiveCfg = Release|Any CPU
		{E538D25F-2D70-4909-86B5-EA4E6FF9A77C}.Release|iPhoneSimulator.Build.0 = Release|Any CPU
		{E538D25F-2D70-4909-86B5-EA4E6FF9A77C}.Release|iPhoneSimulator.Deploy.0 = Release|Any CPU
	EndGlobalSection
	GlobalSection(SolutionProperties) = preSolution
		HideSolutionNode = FALSE
	EndGlobalSection
	GlobalSection(ExtensibilityGlobals) = postSolution
		SolutionGuid = {07A0E481-F060-4ED9-A8CE-C90551DA049D}
	EndGlobalSection
EndGlobal
